// !$*UTF8*$!
{
	archiveVersion = 1;
	classes = {
	};
	objectVersion = 50;
	objects = {

/* Begin PBXBuildFile section */
		1938041423FFBC3F00BBCFDC /* AppDelegate.swift in Sources */ = {isa = PBXBuildFile; fileRef = 1938041323FFBC3F00BBCFDC /* AppDelegate.swift */; };
		1938041623FFBC3F00BBCFDC /* SceneDelegate.swift in Sources */ = {isa = PBXBuildFile; fileRef = 1938041523FFBC3F00BBCFDC /* SceneDelegate.swift */; };
		1938041823FFBC3F00BBCFDC /* ViewController.swift in Sources */ = {isa = PBXBuildFile; fileRef = 1938041723FFBC3F00BBCFDC /* ViewController.swift */; };
		1938041B23FFBC4000BBCFDC /* Main.storyboard in Resources */ = {isa = PBXBuildFile; fileRef = 1938041923FFBC4000BBCFDC /* Main.storyboard */; };
		1938041D23FFBC4500BBCFDC /* Assets.xcassets in Resources */ = {isa = PBXBuildFile; fileRef = 1938041C23FFBC4500BBCFDC /* Assets.xcassets */; };
		1938042023FFBC4500BBCFDC /* LaunchScreen.storyboard in Resources */ = {isa = PBXBuildFile; fileRef = 1938041E23FFBC4500BBCFDC /* LaunchScreen.storyboard */; };
/* End PBXBuildFile section */

/* Begin PBXFileReference section */
		1938041023FFBC3F00BBCFDC /* GuessingGameExercise.app */ = {isa = PBXFileReference; explicitFileType = wrapper.application; includeInIndex = 0; path = GuessingGameExercise.app; sourceTree = BUILT_PRODUCTS_DIR; };
		1938041323FFBC3F00BBCFDC /* AppDelegate.swift */ = {isa = PBXFileReference; lastKnownFileType = sourcecode.swift; path = AppDelegate.swift; sourceTree = "<group>"; };
		1938041523FFBC3F00BBCFDC /* SceneDelegate.swift */ = {isa = PBXFileReference; lastKnownFileType = sourcecode.swift; path = SceneDelegate.swift; sourceTree = "<group>"; };
		1938041723FFBC3F00BBCFDC /* ViewController.swift */ = {isa = PBXFileReference; lastKnownFileType = sourcecode.swift; path = ViewController.swift; sourceTree = "<group>"; };
		1938041A23FFBC4000BBCFDC /* Base */ = {isa = PBXFileReference; lastKnownFileType = file.storyboard; name = Base; path = Base.lproj/Main.storyboard; sourceTree = "<group>"; };
		1938041C23FFBC4500BBCFDC /* Assets.xcassets */ = {isa = PBXFileReference; lastKnownFileType = folder.assetcatalog; path = Assets.xcassets; sourceTree = "<group>"; };
		1938041F23FFBC4500BBCFDC /* Base */ = {isa = PBXFileReference; lastKnownFileType = file.storyboard; name = Base; path = Base.lproj/LaunchScreen.storyboard; sourceTree = "<group>"; };
		1938042123FFBC4500BBCFDC /* Info.plist */ = {isa = PBXFileReference; lastKnownFileType = text.plist.xml; path = Info.plist; sourceTree = "<group>"; };
/* End PBXFileReference section */

/* Begin PBXFrameworksBuildPhase section */
		1938040D23FFBC3F00BBCFDC /* Frameworks */ = {
			isa = PBXFrameworksBuildPhase;
			buildActionMask = 2147483647;
			files = (
			);
			runOnlyForDeploymentPostprocessing = 0;
		};
/* End PBXFrameworksBuildPhase section */

/* Begin PBXGroup section */
		1938040723FFBC3F00BBCFDC = {
			isa = PBXGroup;
			children = (
				1938041223FFBC3F00BBCFDC /* GuessingGameExercise */,
				1938041123FFBC3F00BBCFDC /* Products */,
			);
			sourceTree = "<group>";
		};
		1938041123FFBC3F00BBCFDC /* Products */ = {
			isa = PBXGroup;
			children = (
				1938041023FFBC3F00BBCFDC /* GuessingGameExercise.app */,
			);
			name = Products;
			sourceTree = "<group>";
		};
		1938041223FFBC3F00BBCFDC /* GuessingGameExercise */ = {
			isa = PBXGroup;
			children = (
				1938041323FFBC3F00BBCFDC /* AppDelegate.swift */,
				1938041523FFBC3F00BBCFDC /* SceneDelegate.swift */,
				1938041723FFBC3F00BBCFDC /* ViewController.swift */,
				1938041923FFBC4000BBCFDC /* Main.storyboard */,
				1938041C23FFBC4500BBCFDC /* Assets.xcassets */,
				1938041E23FFBC4500BBCFDC /* LaunchScreen.storyboard */,
				1938042123FFBC4500BBCFDC /* Info.plist */,
			);
			path = GuessingGameExercise;
			sourceTree = "<group>";
		};
/* End PBXGroup section */

/* Begin PBXNativeTarget section */
		1938040F23FFBC3F00BBCFDC /* GuessingGameExercise */ = {
			isa = PBXNativeTarget;
			buildConfigurationList = 1938042423FFBC4500BBCFDC /* Build configuration list for PBXNativeTarget "GuessingGameExercise" */;
			buildPhases = (
				1938040C23FFBC3F00BBCFDC /* Sources */,
				1938040D23FFBC3F00BBCFDC /* Frameworks */,
				1938040E23FFBC3F00BBCFDC /* Resources */,
			);
			buildRules = (
			);
			dependencies = (
			);
			name = GuessingGameExercise;
			productName = GuessingGameExercise;
			productReference = 1938041023FFBC3F00BBCFDC /* GuessingGameExercise.app */;
			productType = "com.apple.product-type.application";
		};
/* End PBXNativeTarget section */

/* Begin PBXProject section */
		1938040823FFBC3F00BBCFDC /* Project object */ = {
			isa = PBXProject;
			attributes = {
				LastSwiftUpdateCheck = 1130;
				LastUpgradeCheck = 1130;
				ORGANIZATIONNAME = "Björn Kaczmarek";
				TargetAttributes = {
					1938040F23FFBC3F00BBCFDC = {
						CreatedOnToolsVersion = 11.3.1;
					};
				};
			};
			buildConfigurationList = 1938040B23FFBC3F00BBCFDC /* Build configuration list for PBXProject "GuessingGameExercise" */;
			compatibilityVersion = "Xcode 9.3";
			developmentRegion = en;
			hasScannedForEncodings = 0;
			knownRegions = (
				en,
				Base,
			);
			mainGroup = 1938040723FFBC3F00BBCFDC;
			productRefGroup = 1938041123FFBC3F00BBCFDC /* Products */;
			projectDirPath = "";
			projectRoot = "";
			targets = (
				1938040F23FFBC3F00BBCFDC /* GuessingGameExercise */,
			);
		};
/* End PBXProject section */

/* Begin PBXResourcesBuildPhase section */
		1938040E23FFBC3F00BBCFDC /* Resources */ = {
			isa = PBXResourcesBuildPhase;
			buildActionMask = 2147483647;
			files = (
				1938042023FFBC4500BBCFDC /* LaunchScreen.storyboard in Resources */,
				1938041D23FFBC4500BBCFDC /* Assets.xcassets in Resources */,
				1938041B23FFBC4000BBCFDC /* Main.storyboard in Resources */,
			);
			runOnlyForDeploymentPostprocessing = 0;
		};
/* End PBXResourcesBuildPhase section */

/* Begin PBXSourcesBuildPhase section */
		1938040C23FFBC3F00BBCFDC /* Sources */ = {
			isa = PBXSourcesBuildPhase;
			buildActionMask = 2147483647;
			files = (
				1938041823FFBC3F00BBCFDC /* ViewController.swift in Sources */,
				1938041423FFBC3F00BBCFDC /* AppDelegate.swift in Sources */,
				1938041623FFBC3F00BBCFDC /* SceneDelegate.swift in Sources */,
			);
			runOnlyForDeploymentPostprocessing = 0;
		};
/* End PBXSourcesBuildPhase section */

/* Begin PBXVariantGroup section */
		1938041923FFBC4000BBCFDC /* Main.storyboard */ = {
			isa = PBXVariantGroup;
			children = (
				1938041A23FFBC4000BBCFDC /* Base */,
			);
			name = Main.storyboard;
			sourceTree = "<group>";
		};
		1938041E23FFBC4500BBCFDC /* LaunchScreen.storyboard */ = {
			isa = PBXVariantGroup;
			children = (
				1938041F23FFBC4500BBCFDC /* Base */,
			);
			name = LaunchScreen.storyboard;
			sourceTree = "<group>";
		};
/* End PBXVariantGroup section */

/* Begin XCBuildConfiguration section */
		1938042223FFBC4500BBCFDC /* Debug */ = {
			isa = XCBuildConfiguration;
			buildSettings = {
				ALWAYS_SEARCH_USER_PATHS = NO;
				CLANG_ANALYZER_NONNULL = YES;
				CLANG_ANALYZER_NUMBER_OBJECT_CONVERSION = YES_AGGRESSIVE;
				CLANG_CXX_LANGUAGE_STANDARD = "gnu++14";
				CLANG_CXX_LIBRARY = "libc++";
				CLANG_ENABLE_MODULES = YES;
				CLANG_ENABLE_OBJC_ARC = YES;
				CLANG_ENABLE_OBJC_WEAK = YES;
				CLANG_WARN_BLOCK_CAPTURE_AUTORELEASING = YES;
				CLANG_WARN_BOOL_CONVERSION = YES;
				CLANG_WARN_COMMA = YES;
				CLANG_WARN_CONSTANT_CONVERSION = YES;
				CLANG_WARN_DEPRECATED_OBJC_IMPLEMENTATIONS = YES;
				CLANG_WARN_DIRECT_OBJC_ISA_USAGE = YES_ERROR;
				CLANG_WARN_DOCUMENTATION_COMMENTS = YES;
				CLANG_WARN_EMPTY_BODY = YES;
				CLANG_WARN_ENUM_CONVERSION = YES;
				CLANG_WARN_INFINITE_RECURSION = YES;
				CLANG_WARN_INT_CONVERSION = YES;
				CLANG_WARN_NON_LITERAL_NULL_CONVERSION = YES;
				CLANG_WARN_OBJC_IMPLICIT_RETAIN_SELF = YES;
				CLANG_WARN_OBJC_LITERAL_CONVERSION = YES;
				CLANG_WARN_OBJC_ROOT_CLASS = YES_ERROR;
				CLANG_WARN_RANGE_LOOP_ANALYSIS = YES;
				CLANG_WARN_STRICT_PROTOTYPES = YES;
				CLANG_WARN_SUSPICIOUS_MOVE = YES;
				CLANG_WARN_UNGUARDED_AVAILABILITY = YES_AGGRESSIVE;
				CLANG_WARN_UNREACHABLE_CODE = YES;
				CLANG_WARN__DUPLICATE_METHOD_MATCH = YES;
				COPY_PHASE_STRIP = NO;
				DEBUG_INFORMATION_FORMAT = dwarf;
				ENABLE_STRICT_OBJC_MSGSEND = YES;
				ENABLE_TESTABILITY = YES;
				GCC_C_LANGUAGE_STANDARD = gnu11;
				GCC_DYNAMIC_NO_PIC = NO;
				GCC_NO_COMMON_BLOCKS = YES;
				GCC_OPTIMIZATION_LEVEL = 0;
				GCC_PREPROCESSOR_DEFINITIONS = (
					"DEBUG=1",
					"$(inherited)",
				);
				GCC_WARN_64_TO_32_BIT_CONVERSION = YES;
				GCC_WARN_ABOUT_RETURN_TYPE = YES_ERROR;
				GCC_WARN_UNDECLARED_SELECTOR = YES;
				GCC_WARN_UNINITIALIZED_AUTOS = YES_AGGRESSIVE;
				GCC_WARN_UNUSED_FUNCTION = YES;
				GCC_WARN_UNUSED_VARIABLE = YES;
				IPHONEOS_DEPLOYMENT_TARGET = 13.2;
				MTL_ENABLE_DEBUG_INFO = INCLUDE_SOURCE;
				MTL_FAST_MATH = YES;
				ONLY_ACTIVE_ARCH = YES;
				SDKROOT = iphoneos;
				SWIFT_ACTIVE_COMPILATION_CONDITIONS = DEBUG;
				SWIFT_OPTIMIZATION_LEVEL = "-Onone";
			};
			name = Debug;
		};
		1938042323FFBC4500BBCFDC /* Release */ = {
			isa = XCBuildConfiguration;
			buildSettings = {
				ALWAYS_SEARCH_USER_PATHS = NO;
				CLANG_ANALYZER_NONNULL = YES;
				CLANG_ANALYZER_NUMBER_OBJECT_CONVERSION = YES_AGGRESSIVE;
				CLANG_CXX_LANGUAGE_STANDARD = "gnu++14";
				CLANG_CXX_LIBRARY = "libc++";
				CLANG_ENABLE_MODULES = YES;
				CLANG_ENABLE_OBJC_ARC = YES;
				CLANG_ENABLE_OBJC_WEAK = YES;
				CLANG_WARN_BLOCK_CAPTURE_AUTORELEASING = YES;
				CLANG_WARN_BOOL_CONVERSION = YES;
				CLANG_WARN_COMMA = YES;
				CLANG_WARN_CONSTANT_CONVERSION = YES;
				CLANG_WARN_DEPRECATED_OBJC_IMPLEMENTATIONS = YES;
				CLANG_WARN_DIRECT_OBJC_ISA_USAGE = YES_ERROR;
				CLANG_WARN_DOCUMENTATION_COMMENTS = YES;
				CLANG_WARN_EMPTY_BODY = YES;
				CLANG_WARN_ENUM_CONVERSION = YES;
				CLANG_WARN_INFINITE_RECURSION = YES;
				CLANG_WARN_INT_CONVERSION = YES;
				CLANG_WARN_NON_LITERAL_NULL_CONVERSION = YES;
				CLANG_WARN_OBJC_IMPLICIT_RETAIN_SELF = YES;
				CLANG_WARN_OBJC_LITERAL_CONVERSION = YES;
				CLANG_WARN_OBJC_ROOT_CLASS = YES_ERROR;
				CLANG_WARN_RANGE_LOOP_ANALYSIS = YES;
				CLANG_WARN_STRICT_PROTOTYPES = YES;
				CLANG_WARN_SUSPICIOUS_MOVE = YES;
				CLANG_WARN_UNGUARDED_AVAILABILITY = YES_AGGRESSIVE;
				CLANG_WARN_UNREACHABLE_CODE = YES;
				CLANG_WARN__DUPLICATE_METHOD_MATCH = YES;
				COPY_PHASE_STRIP = NO;
				DEBUG_INFORMATION_FORMAT = "dwarf-with-dsym";
				ENABLE_NS_ASSERTIONS = NO;
				ENABLE_STRICT_OBJC_MSGSEND = YES;
				GCC_C_LANGUAGE_STANDARD = gnu11;
				GCC_NO_COMMON_BLOCKS = YES;
				GCC_WARN_64_TO_32_BIT_CONVERSION = YES;
				GCC_WARN_ABOUT_RETURN_TYPE = YES_ERROR;
				GCC_WARN_UNDECLARED_SELECTOR = YES;
				GCC_WARN_UNINITIALIZED_AUTOS = YES_AGGRESSIVE;
				GCC_WARN_UNUSED_FUNCTION = YES;
				GCC_WARN_UNUSED_VARIABLE = YES;
				IPHONEOS_DEPLOYMENT_TARGET = 13.2;
				MTL_ENABLE_DEBUG_INFO = NO;
				MTL_FAST_MATH = YES;
				SDKROOT = iphoneos;
				SWIFT_COMPILATION_MODE = wholemodule;
				SWIFT_OPTIMIZATION_LEVEL = "-O";
				VALIDATE_PRODUCT = YES;
			};
			name = Release;
		};
		1938042523FFBC4500BBCFDC /* Debug */ = {
			isa = XCBuildConfiguration;
			buildSettings = {
				ASSETCATALOG_COMPILER_APPICON_NAME = AppIcon;
				CODE_SIGN_STYLE = Automatic;
				DEVELOPMENT_TEAM = QF753U2942;
				INFOPLIST_FILE = GuessingGameExercise/Info.plist;
				LD_RUNPATH_SEARCH_PATHS = (
					"$(inherited)",
					"@executable_path/Frameworks",
				);
				PRODUCT_BUNDLE_IDENTIFIER = de.bkaczmar.GuessingGameExercise;
				PRODUCT_NAME = "$(TARGET_NAME)";
				SWIFT_VERSION = 5.0;
				TARGETED_DEVICE_FAMILY = "1,2";
			};
			name = Debug;
		};
		1938042623FFBC4500BBCFDC /* Release */ = {
			isa = XCBuildConfiguration;
			buildSettings = {
				ASSETCATALOG_COMPILER_APPICON_NAME = AppIcon;
				CODE_SIGN_STYLE = Automatic;
				DEVELOPMENT_TEAM = QF753U2942;
				INFOPLIST_FILE = GuessingGameExercise/Info.plist;
				LD_RUNPATH_SEARCH_PATHS = (
					"$(inherited)",
					"@executable_path/Frameworks",
				);
				PRODUCT_BUNDLE_IDENTIFIER = de.bkaczmar.GuessingGameExercise;
				PRODUCT_NAME = "$(TARGET_NAME)";
				SWIFT_VERSION = 5.0;
				TARGETED_DEVICE_FAMILY = "1,2";
			};
			name = Release;
		};
/* End XCBuildConfiguration section */

/* Begin XCConfigurationList section */
		1938040B23FFBC3F00BBCFDC /* Build configuration list for PBXProject "GuessingGameExercise" */ = {
			isa = XCConfigurationList;
			buildConfigurations = (
				1938042223FFBC4500BBCFDC /* Debug */,
				1938042323FFBC4500BBCFDC /* Release */,
			);
			defaultConfigurationIsVisible = 0;
			defaultConfigurationName = Release;
		};
		1938042423FFBC4500BBCFDC /* Build configuration list for PBXNativeTarget "GuessingGameExercise" */ = {
			isa = XCConfigurationList;
			buildConfigurations = (
				1938042523FFBC4500BBCFDC /* Debug */,
				1938042623FFBC4500BBCFDC /* Release */,
			);
			defaultConfigurationIsVisible = 0;
			defaultConfigurationName = Release;
		};
/* End XCConfigurationList section */
	};
	rootObject = 1938040823FFBC3F00BBCFDC /* Project object */;
}
